
Microsoft Visual Studio Solution File, Format Version 12.00
# Visual Studio 15
VisualStudioVersion = 15.0.27004.2006
MinimumVisualStudioVersion = 10.0.40219.1
Project("{F2A71F9B-5D33-465A-A702-920D77279786}") = "Code", "Code\Code.fsproj", "{9EE05897-EDEC-45F4-B3AF-359BDB8B14F4}"
EndProject
Project("{FAE04EC0-301F-11D3-BF4B-00C04F79EFBC}") = "TestsCSharp", "TestsCSharp\TestsCSharp.csproj", "{6B943AEA-4CB6-4EAE-95BD-34E775095D84}"
EndProject
Global
	GlobalSection(SolutionConfigurationPlatforms) = preSolution
		Debug|Any CPU = Debug|Any CPU
		Release|Any CPU = Release|Any CPU
	EndGlobalSection
	GlobalSection(ProjectConfigurationPlatforms) = postSolution
		{9EE05897-EDEC-45F4-B3AF-359BDB8B14F4}.Debug|Any CPU.ActiveCfg = Debug|Any CPU
		{9EE05897-EDEC-45F4-B3AF-359BDB8B14F4}.Debug|Any CPU.Build.0 = Debug|Any CPU
		{9EE05897-EDEC-45F4-B3AF-359BDB8B14F4}.Release|Any CPU.ActiveCfg = Release|Any CPU
		{9EE05897-EDEC-45F4-B3AF-359BDB8B14F4}.Release|Any CPU.Build.0 = Release|Any CPU
		{6B943AEA-4CB6-4EAE-95BD-34E775095D84}.Debug|Any CPU.ActiveCfg = Debug|Any CPU
		{6B943AEA-4CB6-4EAE-95BD-34E775095D84}.Debug|Any CPU.Build.0 = Debug|Any CPU
		{6B943AEA-4CB6-4EAE-95BD-34E775095D84}.Release|Any CPU.ActiveCfg = Release|Any CPU
		{6B943AEA-4CB6-4EAE-95BD-34E775095D84}.Release|Any CPU.Build.0 = Release|Any CPU
	EndGlobalSection
	GlobalSection(SolutionProperties) = preSolution
		HideSolutionNode = FALSE
	EndGlobalSection
	GlobalSection(ExtensibilityGlobals) = postSolution
		SolutionGuid = {809D2285-BE7A-4031-B377-9E03D78E0ED0}
	EndGlobalSection
EndGlobal
